lockfileVersion: 5.3

specifiers:
  '@apollo/client': ^3.3.15
  '@fontsource/fira-mono': ^4.2.2
  '@lukeed/uuid': ^2.0.0
  '@sveltejs/kit': next
  cookie: ^0.4.1
  diff-match-patch: ^1.0.5
  eslint: ^7.30.0
  eslint-config-prettier: ^8.3.0
  eslint-plugin-svelte3: ^3.2.0
  graphql: ^14.0.0 || ^15.0.0
  prettier: ~2.3.2
  prettier-plugin-svelte: ^2.3.1
  svelte: ^3.38.3

dependencies:
  '@fontsource/fira-mono': 4.5.0
  '@lukeed/uuid': 2.0.0
  cookie: 0.4.1
  diff-match-patch: 1.0.5
  graphql: 15.5.1

devDependencies:
  '@apollo/client': 3.3.21_graphql@15.5.1
  '@sveltejs/kit': 1.0.0-next.150_eb9c483077a99b6cdcb6e9ed7c5a4b0b
  eslint: 7.31.0
  eslint-config-prettier: 8.3.0_eslint@7.31.0
  eslint-plugin-svelte3: 3.2.0_eslint@7.31.0+svelte@3.40.2
  prettier: 2.3.2
  prettier-plugin-svelte: 2.3.1_prettier@2.3.2+svelte@3.40.2
  svelte: 3.40.2

packages:

  /@apollo/client/3.3.21_graphql@15.5.1:
    resolution: {integrity: sha1-KGK6pOHO2MXonr5vxSh3/GSnJqo=, tarball: https://r.cnpmjs.org/@apollo/client/download/@apollo/client-3.3.21.tgz}
    peerDependencies:
      graphql: ^14.0.0 || ^15.0.0
      react: ^16.8.0 || ^17.0.0
      subscriptions-transport-ws: ^0.9.0
    peerDependenciesMeta:
      react:
        optional: true
      subscriptions-transport-ws:
        optional: true
    dependencies:
      '@graphql-typed-document-node/core': 3.1.0_graphql@15.5.1
      '@types/zen-observable': 0.8.3
      '@wry/context': 0.6.0
      '@wry/equality': 0.5.1
      fast-json-stable-stringify: 2.1.0
      graphql: 15.5.1
      graphql-tag: 2.12.5_graphql@15.5.1
      hoist-non-react-statics: 3.3.2
      optimism: 0.16.1
      prop-types: 15.7.2
      symbol-observable: 4.0.0
      ts-invariant: 0.8.2
      tslib: 1.14.1
      zen-observable: 0.8.15
    dev: true

  /@babel/code-frame/7.12.11:
    resolution: {integrity: sha1-9K1DWqJj25NbjxDyxVLSP7cWpj8=, tarball: https://r.cnpmjs.org/@babel/code-frame/download/@babel/code-frame-7.12.11.tgz}
    dependencies:
      '@babel/highlight': 7.14.5
    dev: true

  /@babel/helper-validator-identifier/7.14.8:
    resolution: {integrity: sha1-Mr4zp1bynieKDWRPoIosng+Io0w=, tarball: https://r.cnpmjs.org/@babel/helper-validator-identifier/download/@babel/helper-validator-identifier-7.14.8.tgz}
    engines: {node: '>=6.9.0'}
    dev: true

  /@babel/highlight/7.14.5:
    resolution: {integrity: sha1-aGGlLwOWZAUAH2qlNKAaJNmejNk=, tarball: https://r.cnpmjs.org/@babel/highlight/download/@babel/highlight-7.14.5.tgz}
    engines: {node: '>=6.9.0'}
    dependencies:
      '@babel/helper-validator-identifier': 7.14.8
      chalk: 2.4.2
      js-tokens: 4.0.0
    dev: true

  /@eslint/eslintrc/0.4.3:
    resolution: {integrity: sha1-nkKYHvA1vrPdSa3ResuW6P9vOUw=, tarball: https://r.cnpmjs.org/@eslint/eslintrc/download/@eslint/eslintrc-0.4.3.tgz}
    engines: {node: ^10.12.0 || >=12.0.0}
    dependencies:
      ajv: 6.12.6
      debug: 4.3.2
      espree: 7.3.1
      globals: 13.10.0
      ignore: 4.0.6
      import-fresh: 3.3.0
      js-yaml: 3.14.1
      minimatch: 3.0.4
      strip-json-comments: 3.1.1
    dev: true

  /@fontsource/fira-mono/4.5.0:
    resolution: {integrity: sha1-vql6VLYNwmnRx4RpsAeDWvRN+n8=, tarball: https://r.cnpmjs.org/@fontsource/fira-mono/download/@fontsource/fira-mono-4.5.0.tgz}
    dev: false

  /@graphql-typed-document-node/core/3.1.0_graphql@15.5.1:
    resolution: {integrity: sha1-Du5jc+EUGL/gtWOPZU33pMpqOVA=, tarball: https://r.cnpmjs.org/@graphql-typed-document-node/core/download/@graphql-typed-document-node/core-3.1.0.tgz}
    peerDependencies:
      graphql: ^0.8.0 || ^0.9.0 || ^0.10.0 || ^0.11.0 || ^0.12.0 || ^0.13.0 || ^14.0.0 || ^15.0.0
    dependencies:
      graphql: 15.5.1
    dev: true

  /@humanwhocodes/config-array/0.5.0:
    resolution: {integrity: sha1-FAeWfUxu7Nc4j4Os8er00Mbljvk=, tarball: https://r.cnpmjs.org/@humanwhocodes/config-array/download/@humanwhocodes/config-array-0.5.0.tgz}
    engines: {node: '>=10.10.0'}
    dependencies:
      '@humanwhocodes/object-schema': 1.2.0
      debug: 4.3.2
      minimatch: 3.0.4
    dev: true

  /@humanwhocodes/object-schema/1.2.0:
    resolution: {integrity: sha1-h956+cIxgm/daKxyWPd8Qp4OX88=, tarball: https://r.cnpmjs.org/@humanwhocodes/object-schema/download/@humanwhocodes/object-schema-1.2.0.tgz}
    dev: true

  /@lukeed/csprng/1.0.0:
    resolution: {integrity: sha1-czoSI4J0nSfi5G7Dj4xxydU6ljY=, tarball: https://r.cnpmjs.org/@lukeed/csprng/download/@lukeed/csprng-1.0.0.tgz}
    engines: {node: '>=8'}
    dev: false

  /@lukeed/uuid/2.0.0:
    resolution: {integrity: sha1-HA8zwHHLaQK8O55HV4KtpzFO+b0=, tarball: https://r.cnpmjs.org/@lukeed/uuid/download/@lukeed/uuid-2.0.0.tgz}
    engines: {node: '>=8'}
    dependencies:
      '@lukeed/csprng': 1.0.0
    dev: false

  /@rollup/pluginutils/4.1.1:
    resolution: {integrity: sha1-HU2obdTt7RVlalfZM/2iuaCNR+w=, tarball: https://r.cnpmjs.org/@rollup/pluginutils/download/@rollup/pluginutils-4.1.1.tgz}
    engines: {node: '>= 8.0.0'}
    dependencies:
      estree-walker: 2.0.2
      picomatch: 2.3.0
    dev: true

  /@sveltejs/kit/1.0.0-next.150_eb9c483077a99b6cdcb6e9ed7c5a4b0b:
    resolution: {integrity: sha1-8MUt1xzck28xUEvpogCamNFvrZ4=, tarball: https://r.cnpmjs.org/@sveltejs/kit/download/@sveltejs/kit-1.0.0-next.150.tgz}
    engines: {node: ^12.20 || >=14.13}
    hasBin: true
    peerDependencies:
      svelte: ^3.39.0
    dependencies:
      '@sveltejs/vite-plugin-svelte': 1.0.0-next.17_022dafeec485923f43ef508a8feb21b1
      cheap-watch: 1.0.3
      sade: 1.7.4
      svelte: 3.40.2
      vite: 2.4.3
    transitivePeerDependencies:
      - diff-match-patch
    dev: true

  /@sveltejs/vite-plugin-svelte/1.0.0-next.17_022dafeec485923f43ef508a8feb21b1:
    resolution: {integrity: sha1-JaCI5x4abgpnAeX6cMzeNTt3g8I=, tarball: https://r.cnpmjs.org/@sveltejs/vite-plugin-svelte/download/@sveltejs/vite-plugin-svelte-1.0.0-next.17.tgz}
    engines: {node: ^12.20 || ^14.13.1 || >= 16}
    peerDependencies:
      diff-match-patch: ^1.0.5
      svelte: ^3.34.0
      vite: ^2.3.7
    dependencies:
      '@rollup/pluginutils': 4.1.1
      debug: 4.3.2
      diff-match-patch: 1.0.5
      kleur: 4.1.4
      magic-string: 0.25.7
      require-relative: 0.8.7
      svelte: 3.40.2
      svelte-hmr: 0.14.7_svelte@3.40.2
      vite: 2.4.3
    dev: true

  /@types/zen-observable/0.8.3:
    resolution: {integrity: sha1-eB02DCgkNklLMv59n3+OZLMRiqM=, tarball: https://r.cnpmjs.org/@types/zen-observable/download/@types/zen-observable-0.8.3.tgz}
    dev: true

  /@wry/context/0.6.0:
    resolution: {integrity: sha1-+QPs64nSOO9+gWjtMPRRH5LYPgY=, tarball: https://r.cnpmjs.org/@wry/context/download/@wry/context-0.6.0.tgz}
    engines: {node: '>=8'}
    dependencies:
      tslib: 2.3.0
    dev: true

  /@wry/equality/0.5.1:
    resolution: {integrity: sha1-si5OFnTXvxQ5+Mzcz9anhfbeaLA=, tarball: https://r.cnpmjs.org/@wry/equality/download/@wry/equality-0.5.1.tgz}
    engines: {node: '>=8'}
    dependencies:
      tslib: 2.3.0
    dev: true

  /@wry/trie/0.3.0:
    resolution: {integrity: sha1-MkXnSYjE4wMymeR5ob8ARDB1JGM=, tarball: https://r.cnpmjs.org/@wry/trie/download/@wry/trie-0.3.0.tgz}
    engines: {node: '>=8'}
    dependencies:
      tslib: 2.3.0
    dev: true

  /acorn-jsx/5.3.2_acorn@7.4.1:
    resolution: {integrity: sha1-ftW7VZCLOy8bxVxq8WU7rafweTc=, tarball: https://r.cnpmjs.org/acorn-jsx/download/acorn-jsx-5.3.2.tgz}
    peerDependencies:
      acorn: ^6.0.0 || ^7.0.0 || ^8.0.0
    dependencies:
      acorn: 7.4.1
    dev: true

  /acorn/7.4.1:
    resolution: {integrity: sha1-/q7SVZc9LndVW4PbwIhRpsY1IPo=, tarball: https://r.cnpmjs.org/acorn/download/acorn-7.4.1.tgz}
    engines: {node: '>=0.4.0'}
    hasBin: true
    dev: true

  /ajv/6.12.6:
    resolution: {integrity: sha1-uvWmLoArB9l3A0WG+MO69a3ybfQ=, tarball: https://r.cnpmjs.org/ajv/download/ajv-6.12.6.tgz}
    dependencies:
      fast-deep-equal: 3.1.3
      fast-json-stable-stringify: 2.1.0
      json-schema-traverse: 0.4.1
      uri-js: 4.4.1
    dev: true

  /ajv/8.6.2:
    resolution: {integrity: sha1-L7ReDl/LwIEzJsHD2lNdGIG7BXE=, tarball: https://r.cnpmjs.org/ajv/download/ajv-8.6.2.tgz}
    dependencies:
      fast-deep-equal: 3.1.3
      json-schema-traverse: 1.0.0
      require-from-string: 2.0.2
      uri-js: 4.4.1
    dev: true

  /ansi-colors/4.1.1:
    resolution: {integrity: sha1-y7muJWv3UK8eqzRPIpqif+lLo0g=, tarball: https://r.cnpmjs.org/ansi-colors/download/ansi-colors-4.1.1.tgz}
    engines: {node: '>=6'}
    dev: true

  /ansi-regex/5.0.0:
    resolution: {integrity: sha1-OIU59VF5vzkznIGvMKZU1p+Hy3U=, tarball: https://r.cnpmjs.org/ansi-regex/download/ansi-regex-5.0.0.tgz}
    engines: {node: '>=8'}
    dev: true

  /ansi-styles/3.2.1:
    resolution: {integrity: sha1-QfuyAkPlCxK+DwS43tvwdSDOhB0=, tarball: https://r.cnpmjs.org/ansi-styles/download/ansi-styles-3.2.1.tgz}
    engines: {node: '>=4'}
    dependencies:
      color-convert: 1.9.3
    dev: true

  /ansi-styles/4.3.0:
    resolution: {integrity: sha1-7dgDYornHATIWuegkG7a00tkiTc=, tarball: https://r.cnpmjs.org/ansi-styles/download/ansi-styles-4.3.0.tgz}
    engines: {node: '>=8'}
    dependencies:
      color-convert: 2.0.1
    dev: true

  /argparse/1.0.10:
    resolution: {integrity: sha1-vNZ5HqWuCXJeF+WtmIE0zUCz2RE=, tarball: https://r.cnpmjs.org/argparse/download/argparse-1.0.10.tgz}
    dependencies:
      sprintf-js: 1.0.3
    dev: true

  /astral-regex/2.0.0:
    resolution: {integrity: sha1-SDFDxWeu7UeFdZwIZXhtx319LjE=, tarball: https://r.cnpmjs.org/astral-regex/download/astral-regex-2.0.0.tgz}
    engines: {node: '>=8'}
    dev: true

  /balanced-match/1.0.2:
    resolution: {integrity: sha1-6D46fj8wCzTLnYf2FfoMvzV2kO4=, tarball: https://r.cnpmjs.org/balanced-match/download/balanced-match-1.0.2.tgz}
    dev: true

  /brace-expansion/1.1.11:
    resolution: {integrity: sha1-PH/L9SnYcibz0vUrlm/1Jx60Qd0=, tarball: https://r.cnpmjs.org/brace-expansion/download/brace-expansion-1.1.11.tgz}
    dependencies:
      balanced-match: 1.0.2
      concat-map: 0.0.1
    dev: true

  /callsites/3.1.0:
    resolution: {integrity: sha1-s2MKvYlDQy9Us/BRkjjjPNffL3M=, tarball: https://r.cnpmjs.org/callsites/download/callsites-3.1.0.tgz}
    engines: {node: '>=6'}
    dev: true

  /chalk/2.4.2:
    resolution: {integrity: sha1-zUJUFnelQzPPVBpJEIwUMrRMlCQ=, tarball: https://r.cnpmjs.org/chalk/download/chalk-2.4.2.tgz}
    engines: {node: '>=4'}
    dependencies:
      ansi-styles: 3.2.1
      escape-string-regexp: 1.0.5
      supports-color: 5.5.0
    dev: true

  /chalk/4.1.1:
    resolution: {integrity: sha1-yAs/qyi/Y3HmhjMl7uZ+YYt35q0=, tarball: https://r.cnpmjs.org/chalk/download/chalk-4.1.1.tgz}
    engines: {node: '>=10'}
    dependencies:
      ansi-styles: 4.3.0
      supports-color: 7.2.0
    dev: true

  /cheap-watch/1.0.3:
    resolution: {integrity: sha1-PEJlcYvPjxrgj15FD59Gk0MuAo4=, tarball: https://r.cnpmjs.org/cheap-watch/download/cheap-watch-1.0.3.tgz}
    engines: {node: '>=8'}
    dev: true

  /color-convert/1.9.3:
    resolution: {integrity: sha1-u3GFBpDh8TZWfeYp0tVHHe2kweg=, tarball: https://r.cnpmjs.org/color-convert/download/color-convert-1.9.3.tgz}
    dependencies:
      color-name: 1.1.3
    dev: true

  /color-convert/2.0.1:
    resolution: {integrity: sha1-ctOmjVmMm9s68q0ehPIdiWq9TeM=, tarball: https://r.cnpmjs.org/color-convert/download/color-convert-2.0.1.tgz}
    engines: {node: '>=7.0.0'}
    dependencies:
      color-name: 1.1.4
    dev: true

  /color-name/1.1.3:
    resolution: {integrity: sha1-p9BVi9icQveV3UIyj3QIMcpTvCU=, tarball: https://r.cnpmjs.org/color-name/download/color-name-1.1.3.tgz}
    dev: true

  /color-name/1.1.4:
    resolution: {integrity: sha1-wqCah6y95pVD3m9j+jmVyCbFNqI=, tarball: https://r.cnpmjs.org/color-name/download/color-name-1.1.4.tgz}
    dev: true

  /colorette/1.2.2:
    resolution: {integrity: sha1-y8x51emcrqLb8Q6zom/Ys+as+pQ=, tarball: https://r.cnpmjs.org/colorette/download/colorette-1.2.2.tgz}
    dev: true

  /concat-map/0.0.1:
    resolution: {integrity: sha1-2Klr13/Wjfd5OnMDajug1UBdR3s=, tarball: https://r.cnpmjs.org/concat-map/download/concat-map-0.0.1.tgz}
    dev: true

  /cookie/0.4.1:
    resolution: {integrity: sha1-r9cT/ibr0hupXOth+agRblClN9E=, tarball: https://r.cnpmjs.org/cookie/download/cookie-0.4.1.tgz}
    engines: {node: '>= 0.6'}
    dev: false

  /cross-spawn/7.0.3:
    resolution: {integrity: sha1-9zqFudXUHQRVUcF34ogtSshXKKY=, tarball: https://r.cnpmjs.org/cross-spawn/download/cross-spawn-7.0.3.tgz}
    engines: {node: '>= 8'}
    dependencies:
      path-key: 3.1.1
      shebang-command: 2.0.0
      which: 2.0.2
    dev: true

  /debug/4.3.2:
    resolution: {integrity: sha1-8KScGKyHeeMdSgxgKd+3aHPHQos=, tarball: https://r.cnpmjs.org/debug/download/debug-4.3.2.tgz}
    engines: {node: '>=6.0'}
    dependencies:
      ms: 2.1.2
    dev: true

  /deep-is/0.1.3:
    resolution: {integrity: sha1-s2nW+128E+7PUk+RsHD+7cNXzzQ=, tarball: https://r.cnpmjs.org/deep-is/download/deep-is-0.1.3.tgz}
    dev: true

  /diff-match-patch/1.0.5:
    resolution: {integrity: sha1-q7WE1fEM0Rlt/FWqA3AVkq4/ezc=, tarball: https://r.cnpmjs.org/diff-match-patch/download/diff-match-patch-1.0.5.tgz}
    dev: false

  /doctrine/3.0.0:
    resolution: {integrity: sha1-rd6+rXKmV023g2OdyHoSF3OXOWE=, tarball: https://r.cnpmjs.org/doctrine/download/doctrine-3.0.0.tgz}
    engines: {node: '>=6.0.0'}
    dependencies:
      esutils: 2.0.3
    dev: true

  /emoji-regex/8.0.0:
    resolution: {integrity: sha1-6Bj9ac5cz8tARZT4QpY79TFkzDc=, tarball: https://r.cnpmjs.org/emoji-regex/download/emoji-regex-8.0.0.tgz}
    dev: true

  /enquirer/2.3.6:
    resolution: {integrity: sha1-Kn/l3WNKHkElqXXsmU/1RW3Dc00=, tarball: https://r.cnpmjs.org/enquirer/download/enquirer-2.3.6.tgz}
    engines: {node: '>=8.6'}
    dependencies:
      ansi-colors: 4.1.1
    dev: true

  /esbuild/0.12.15:
    resolution: {integrity: sha1-nZnPOa6yGIJlxZg+mD4jaCnwivA=, tarball: https://r.cnpmjs.org/esbuild/download/esbuild-0.12.15.tgz}
    hasBin: true
    requiresBuild: true
    dev: true

  /escape-string-regexp/1.0.5:
    resolution: {integrity: sha1-G2HAViGQqN/2rjuyzwIAyhMLhtQ=, tarball: https://r.cnpmjs.org/escape-string-regexp/download/escape-string-regexp-1.0.5.tgz}
    engines: {node: '>=0.8.0'}
    dev: true

  /escape-string-regexp/4.0.0:
    resolution: {integrity: sha1-FLqDpdNz49MR5a/KKc9b+tllvzQ=, tarball: https://r.cnpmjs.org/escape-string-regexp/download/escape-string-regexp-4.0.0.tgz}
    engines: {node: '>=10'}
    dev: true

  /eslint-config-prettier/8.3.0_eslint@7.31.0:
    resolution: {integrity: sha1-90cbILb+ipqSVMxoRFQgKIai3Xo=, tarball: https://r.cnpmjs.org/eslint-config-prettier/download/eslint-config-prettier-8.3.0.tgz}
    hasBin: true
    peerDependencies:
      eslint: '>=7.0.0'
    dependencies:
      eslint: 7.31.0
    dev: true

  /eslint-plugin-svelte3/3.2.0_eslint@7.31.0+svelte@3.40.2:
    resolution: {integrity: sha1-pt606tSzGmR+qIo4I9fJZXj3RoM=, tarball: https://r.cnpmjs.org/eslint-plugin-svelte3/download/eslint-plugin-svelte3-3.2.0.tgz}
    engines: {node: '>=10'}
    peerDependencies:
      eslint: '>=6.0.0'
      svelte: ^3.2.0
    dependencies:
      eslint: 7.31.0
      svelte: 3.40.2
    dev: true

  /eslint-scope/5.1.1:
    resolution: {integrity: sha1-54blmmbLkrP2wfsNUIqrF0hI9Iw=, tarball: https://r.cnpmjs.org/eslint-scope/download/eslint-scope-5.1.1.tgz}
    engines: {node: '>=8.0.0'}
    dependencies:
      esrecurse: 4.3.0
      estraverse: 4.3.0
    dev: true

  /eslint-utils/2.1.0:
    resolution: {integrity: sha1-0t5eA0JOcH3BDHQGjd7a5wh0Gyc=, tarball: https://r.cnpmjs.org/eslint-utils/download/eslint-utils-2.1.0.tgz}
    engines: {node: '>=6'}
    dependencies:
      eslint-visitor-keys: 1.3.0
    dev: true

  /eslint-visitor-keys/1.3.0:
    resolution: {integrity: sha1-MOvR73wv3/AcOk8VEESvJfqwUj4=, tarball: https://r.cnpmjs.org/eslint-visitor-keys/download/eslint-visitor-keys-1.3.0.tgz}
    engines: {node: '>=4'}
    dev: true

  /eslint-visitor-keys/2.1.0:
    resolution: {integrity: sha1-9lMoJZMFknOSyTjtROsKXJsr0wM=, tarball: https://r.cnpmjs.org/eslint-visitor-keys/download/eslint-visitor-keys-2.1.0.tgz}
    engines: {node: '>=10'}
    dev: true

  /eslint/7.31.0:
    resolution: {integrity: sha1-+XK1OUJL8mBJB6lwhgcyxdmdOso=, tarball: https://r.cnpmjs.org/eslint/download/eslint-7.31.0.tgz}
    engines: {node: ^10.12.0 || >=12.0.0}
    hasBin: true
    dependencies:
      '@babel/code-frame': 7.12.11
      '@eslint/eslintrc': 0.4.3
      '@humanwhocodes/config-array': 0.5.0
      ajv: 6.12.6
      chalk: 4.1.1
      cross-spawn: 7.0.3
      debug: 4.3.2
      doctrine: 3.0.0
      enquirer: 2.3.6
      escape-string-regexp: 4.0.0
      eslint-scope: 5.1.1
      eslint-utils: 2.1.0
      eslint-visitor-keys: 2.1.0
      espree: 7.3.1
      esquery: 1.4.0
      esutils: 2.0.3
      fast-deep-equal: 3.1.3
      file-entry-cache: 6.0.1
      functional-red-black-tree: 1.0.1
      glob-parent: 5.1.2
      globals: 13.10.0
      ignore: 4.0.6
      import-fresh: 3.3.0
      imurmurhash: 0.1.4
      is-glob: 4.0.1
      js-yaml: 3.14.1
      json-stable-stringify-without-jsonify: 1.0.1
      levn: 0.4.1
      lodash.merge: 4.6.2
      minimatch: 3.0.4
      natural-compare: 1.4.0
      optionator: 0.9.1
      progress: 2.0.3
      regexpp: 3.2.0
      semver: 7.3.5
      strip-ansi: 6.0.0
      strip-json-comments: 3.1.1
      table: 6.7.1
      text-table: 0.2.0
      v8-compile-cache: 2.3.0
    dev: true

  /espree/7.3.1:
    resolution: {integrity: sha1-8t8zC3Usb1UBn4vYm3ZgA5wbu7Y=, tarball: https://r.cnpmjs.org/espree/download/espree-7.3.1.tgz}
    engines: {node: ^10.12.0 || >=12.0.0}
    dependencies:
      acorn: 7.4.1
      acorn-jsx: 5.3.2_acorn@7.4.1
      eslint-visitor-keys: 1.3.0
    dev: true

  /esprima/4.0.1:
    resolution: {integrity: sha1-E7BM2z5sXRnfkatph6hpVhmwqnE=, tarball: https://r.cnpmjs.org/esprima/download/esprima-4.0.1.tgz}
    engines: {node: '>=4'}
    hasBin: true
    dev: true

  /esquery/1.4.0:
    resolution: {integrity: sha1-IUj/w4uC6McFff7UhCWz5h8PJKU=, tarball: https://r.cnpmjs.org/esquery/download/esquery-1.4.0.tgz}
    engines: {node: '>=0.10'}
    dependencies:
      estraverse: 5.2.0
    dev: true

  /esrecurse/4.3.0:
    resolution: {integrity: sha1-eteWTWeauyi+5yzsY3WLHF0smSE=, tarball: https://r.cnpmjs.org/esrecurse/download/esrecurse-4.3.0.tgz}
    engines: {node: '>=4.0'}
    dependencies:
      estraverse: 5.2.0
    dev: true

  /estraverse/4.3.0:
    resolution: {integrity: sha1-OYrT88WiSUi+dyXoPRGn3ijNvR0=, tarball: https://r.cnpmjs.org/estraverse/download/estraverse-4.3.0.tgz}
    engines: {node: '>=4.0'}
    dev: true

  /estraverse/5.2.0:
    resolution: {integrity: sha1-MH30JUfmzHMk088DwVXVzbjFOIA=, tarball: https://r.cnpmjs.org/estraverse/download/estraverse-5.2.0.tgz}
    engines: {node: '>=4.0'}
    dev: true

  /estree-walker/2.0.2:
    resolution: {integrity: sha1-UvAQF4wqTBF6d1fP6UKtt9LaTKw=, tarball: https://r.cnpmjs.org/estree-walker/download/estree-walker-2.0.2.tgz}
    dev: true

  /esutils/2.0.3:
    resolution: {integrity: sha1-dNLrTeC42hKTcRkQ1Qd1ubcQ72Q=, tarball: https://r.cnpmjs.org/esutils/download/esutils-2.0.3.tgz}
    engines: {node: '>=0.10.0'}
    dev: true

  /fast-deep-equal/3.1.3:
    resolution: {integrity: sha1-On1WtVnWy8PrUSMlJE5hmmXGxSU=, tarball: https://r.cnpmjs.org/fast-deep-equal/download/fast-deep-equal-3.1.3.tgz}
    dev: true

  /fast-json-stable-stringify/2.1.0:
    resolution: {integrity: sha1-h0v2nG9ATCtdmcSBNBOZ/VWJJjM=, tarball: https://r.cnpmjs.org/fast-json-stable-stringify/download/fast-json-stable-stringify-2.1.0.tgz}
    dev: true

  /fast-levenshtein/2.0.6:
    resolution: {integrity: sha1-PYpcZog6FqMMqGQ+hR8Zuqd5eRc=, tarball: https://r.cnpmjs.org/fast-levenshtein/download/fast-levenshtein-2.0.6.tgz}
    dev: true

  /file-entry-cache/6.0.1:
    resolution: {integrity: sha1-IRst2WWcsDlLBz5zI6w8kz1SICc=, tarball: https://r.cnpmjs.org/file-entry-cache/download/file-entry-cache-6.0.1.tgz}
    engines: {node: ^10.12.0 || >=12.0.0}
    dependencies:
      flat-cache: 3.0.4
    dev: true

  /flat-cache/3.0.4:
    resolution: {integrity: sha1-YbAzgwKy/p+Vfcwy/CqH8cMEixE=, tarball: https://r.cnpmjs.org/flat-cache/download/flat-cache-3.0.4.tgz}
    engines: {node: ^10.12.0 || >=12.0.0}
    dependencies:
      flatted: 3.2.1
      rimraf: 3.0.2
    dev: true

  /flatted/3.2.1:
    resolution: {integrity: sha1-u+8IDZX8pnCTYscwRKFjT3xufQU=, tarball: https://r.cnpmjs.org/flatted/download/flatted-3.2.1.tgz}
    dev: true

  /fs.realpath/1.0.0:
    resolution: {integrity: sha1-FQStJSMVjKpA20onh8sBQRmU6k8=, tarball: https://r.cnpmjs.org/fs.realpath/download/fs.realpath-1.0.0.tgz}
    dev: true

  /fsevents/2.3.2:
    resolution: {integrity: sha1-ilJveLj99GI7cJ4Ll1xSwkwC/Ro=, tarball: https://r.cnpmjs.org/fsevents/download/fsevents-2.3.2.tgz}
    engines: {node: ^8.16.0 || ^10.6.0 || >=11.0.0}
    dev: true
    optional: true

  /function-bind/1.1.1:
    resolution: {integrity: sha1-pWiZ0+o8m6uHS7l3O3xe3pL0iV0=, tarball: https://r.cnpmjs.org/function-bind/download/function-bind-1.1.1.tgz}
    dev: true

  /functional-red-black-tree/1.0.1:
    resolution: {integrity: sha1-GwqzvVU7Kg1jmdKcDj6gslIHgyc=, tarball: https://r.cnpmjs.org/functional-red-black-tree/download/functional-red-black-tree-1.0.1.tgz}
    dev: true

  /glob-parent/5.1.2:
    resolution: {integrity: sha1-hpgyxYA0/mikCTwX3BXoNA2EAcQ=, tarball: https://r.cnpmjs.org/glob-parent/download/glob-parent-5.1.2.tgz}
    engines: {node: '>= 6'}
    dependencies:
      is-glob: 4.0.1
    dev: true

  /glob/7.1.7:
    resolution: {integrity: sha1-Oxk+kjPwHULQs/eClLvutBj5SpA=, tarball: https://r.cnpmjs.org/glob/download/glob-7.1.7.tgz}
    dependencies:
      fs.realpath: 1.0.0
      inflight: 1.0.6
      inherits: 2.0.4
      minimatch: 3.0.4
      once: 1.4.0
      path-is-absolute: 1.0.1
    dev: true

  /globals/13.10.0:
    resolution: {integrity: sha1-YLpWw6wsqEXPv0+uynJ62d0gRnY=, tarball: https://r.cnpmjs.org/globals/download/globals-13.10.0.tgz}
    engines: {node: '>=8'}
    dependencies:
      type-fest: 0.20.2
    dev: true

  /graphql-tag/2.12.5_graphql@15.5.1:
    resolution: {integrity: sha1-XP+XSme0F3R9BcjZ9fPLRJXQ248=, tarball: https://r.cnpmjs.org/graphql-tag/download/graphql-tag-2.12.5.tgz}
    engines: {node: '>=10'}
    peerDependencies:
      graphql: ^0.9.0 || ^0.10.0 || ^0.11.0 || ^0.12.0 || ^0.13.0 || ^14.0.0 || ^15.0.0
    dependencies:
      graphql: 15.5.1
      tslib: 2.3.0
    dev: true

  /graphql/15.5.1:
    resolution: {integrity: sha1-8vhEFdiYXnuEcx5/NTb4u504Oq0=, tarball: https://r.cnpmjs.org/graphql/download/graphql-15.5.1.tgz}
    engines: {node: '>= 10.x'}
    dev: false

  /has-flag/3.0.0:
    resolution: {integrity: sha1-tdRU3CGZriJWmfNGfloH87lVuv0=, tarball: https://r.cnpmjs.org/has-flag/download/has-flag-3.0.0.tgz}
    engines: {node: '>=4'}
    dev: true

  /has-flag/4.0.0:
    resolution: {integrity: sha1-lEdx/ZyByBJlxNaUGGDaBrtZR5s=, tarball: https://r.cnpmjs.org/has-flag/download/has-flag-4.0.0.tgz}
    engines: {node: '>=8'}
    dev: true

  /has/1.0.3:
    resolution: {integrity: sha1-ci18v8H2qoJB8W3YFOAR4fQeh5Y=, tarball: https://r.cnpmjs.org/has/download/has-1.0.3.tgz}
    engines: {node: '>= 0.4.0'}
    dependencies:
      function-bind: 1.1.1
    dev: true

  /hoist-non-react-statics/3.3.2:
    resolution: {integrity: sha1-7OCsr3HWLClpwuxZ/v9CpLGoW0U=, tarball: https://r.cnpmjs.org/hoist-non-react-statics/download/hoist-non-react-statics-3.3.2.tgz}
    dependencies:
      react-is: 16.13.1
    dev: true

  /ignore/4.0.6:
    resolution: {integrity: sha1-dQ49tYYgh7RzfrrIIH/9HvJ7Jfw=, tarball: https://r.cnpmjs.org/ignore/download/ignore-4.0.6.tgz}
    engines: {node: '>= 4'}
    dev: true

  /import-fresh/3.3.0:
    resolution: {integrity: sha1-NxYsJfy566oublPVtNiM4X2eDCs=, tarball: https://r.cnpmjs.org/import-fresh/download/import-fresh-3.3.0.tgz}
    engines: {node: '>=6'}
    dependencies:
      parent-module: 1.0.1
      resolve-from: 4.0.0
    dev: true

  /imurmurhash/0.1.4:
    resolution: {integrity: sha1-khi5srkoojixPcT7a21XbyMUU+o=, tarball: https://r.cnpmjs.org/imurmurhash/download/imurmurhash-0.1.4.tgz}
    engines: {node: '>=0.8.19'}
    dev: true

  /inflight/1.0.6:
    resolution: {integrity: sha1-Sb1jMdfQLQwJvJEKEHW6gWW1bfk=, tarball: https://r.cnpmjs.org/inflight/download/inflight-1.0.6.tgz}
    dependencies:
      once: 1.4.0
      wrappy: 1.0.2
    dev: true

  /inherits/2.0.4:
    resolution: {integrity: sha1-D6LGT5MpF8NDOg3tVTY6rjdBa3w=, tarball: https://r.cnpmjs.org/inherits/download/inherits-2.0.4.tgz}
    dev: true

  /is-core-module/2.5.0:
    resolution: {integrity: sha1-91SENhfHC/0pt72HMnQAzaXBhJE=, tarball: https://r.cnpmjs.org/is-core-module/download/is-core-module-2.5.0.tgz}
    dependencies:
      has: 1.0.3
    dev: true

  /is-extglob/2.1.1:
    resolution: {integrity: sha1-qIwCU1eR8C7TfHahueqXc8gz+MI=, tarball: https://r.cnpmjs.org/is-extglob/download/is-extglob-2.1.1.tgz}
    engines: {node: '>=0.10.0'}
    dev: true

  /is-fullwidth-code-point/3.0.0:
    resolution: {integrity: sha1-8Rb4Bk/pCz94RKOJl8C3UFEmnx0=, tarball: https://r.cnpmjs.org/is-fullwidth-code-point/download/is-fullwidth-code-point-3.0.0.tgz}
    engines: {node: '>=8'}
    dev: true

  /is-glob/4.0.1:
    resolution: {integrity: sha1-dWfb6fL14kZ7x3q4PEopSCQHpdw=, tarball: https://r.cnpmjs.org/is-glob/download/is-glob-4.0.1.tgz}
    engines: {node: '>=0.10.0'}
    dependencies:
      is-extglob: 2.1.1
    dev: true

  /isexe/2.0.0:
    resolution: {integrity: sha1-6PvzdNxVb/iUehDcsFctYz8s+hA=, tarball: https://r.cnpmjs.org/isexe/download/isexe-2.0.0.tgz}
    dev: true

  /js-tokens/4.0.0:
    resolution: {integrity: sha1-GSA/tZmR35jjoocFDUZHzerzJJk=, tarball: https://r.cnpmjs.org/js-tokens/download/js-tokens-4.0.0.tgz}
    dev: true

  /js-yaml/3.14.1:
    resolution: {integrity: sha1-2ugS/bOCX6MGYJqHFzg8UMNqBTc=, tarball: https://r.cnpmjs.org/js-yaml/download/js-yaml-3.14.1.tgz}
    hasBin: true
    dependencies:
      argparse: 1.0.10
      esprima: 4.0.1
    dev: true

  /json-schema-traverse/0.4.1:
    resolution: {integrity: sha1-afaofZUTq4u4/mO9sJecRI5oRmA=, tarball: https://r.cnpmjs.org/json-schema-traverse/download/json-schema-traverse-0.4.1.tgz}
    dev: true

  /json-schema-traverse/1.0.0:
    resolution: {integrity: sha1-rnvLNlard6c7pcSb9lTzjmtoYOI=, tarball: https://r.cnpmjs.org/json-schema-traverse/download/json-schema-traverse-1.0.0.tgz}
    dev: true

  /json-stable-stringify-without-jsonify/1.0.1:
    resolution: {integrity: sha1-nbe1lJatPzz+8wp1FC0tkwrXJlE=, tarball: https://r.cnpmjs.org/json-stable-stringify-without-jsonify/download/json-stable-stringify-without-jsonify-1.0.1.tgz}
    dev: true

  /kleur/4.1.4:
    resolution: {integrity: sha1-jCAph9fld3ZtA5qM1GGTTAHNoE0=, tarball: https://r.cnpmjs.org/kleur/download/kleur-4.1.4.tgz}
    engines: {node: '>=6'}
    dev: true

  /levn/0.4.1:
    resolution: {integrity: sha1-rkViwAdHO5MqYgDUAyaN0v/8at4=, tarball: https://r.cnpmjs.org/levn/download/levn-0.4.1.tgz}
    engines: {node: '>= 0.8.0'}
    dependencies:
      prelude-ls: 1.2.1
      type-check: 0.4.0
    dev: true

  /lodash.clonedeep/4.5.0:
    resolution: {integrity: sha1-4j8/nE+Pvd6HJSnBBxhXoIblzO8=, tarball: https://r.cnpmjs.org/lodash.clonedeep/download/lodash.clonedeep-4.5.0.tgz}
    dev: true

  /lodash.merge/4.6.2:
    resolution: {integrity: sha1-VYqlO0O2YeGSWgr9+japoQhf5Xo=, tarball: https://r.cnpmjs.org/lodash.merge/download/lodash.merge-4.6.2.tgz}
    dev: true

  /lodash.truncate/4.4.2:
    resolution: {integrity: sha1-WjUNoLERO4N+z//VgSy+WNbq4ZM=, tarball: https://r.cnpmjs.org/lodash.truncate/download/lodash.truncate-4.4.2.tgz}
    dev: true

  /loose-envify/1.4.0:
    resolution: {integrity: sha1-ce5R+nvkyuwaY4OffmgtgTLTDK8=, tarball: https://r.cnpmjs.org/loose-envify/download/loose-envify-1.4.0.tgz}
    hasBin: true
    dependencies:
      js-tokens: 4.0.0
    dev: true

  /lru-cache/6.0.0:
    resolution: {integrity: sha1-bW/mVw69lqr5D8rR2vo7JWbbOpQ=, tarball: https://r.cnpmjs.org/lru-cache/download/lru-cache-6.0.0.tgz}
    engines: {node: '>=10'}
    dependencies:
      yallist: 4.0.0
    dev: true

  /magic-string/0.25.7:
    resolution: {integrity: sha1-P0l9b9NMZpxnmNy4IfLvMfVEUFE=, tarball: https://r.cnpmjs.org/magic-string/download/magic-string-0.25.7.tgz}
    dependencies:
      sourcemap-codec: 1.4.8
    dev: true

  /minimatch/3.0.4:
    resolution: {integrity: sha1-UWbihkV/AzBgZL5Ul+jbsMPTIIM=, tarball: https://r.cnpmjs.org/minimatch/download/minimatch-3.0.4.tgz}
    dependencies:
      brace-expansion: 1.1.11
    dev: true

  /mri/1.1.6:
    resolution: {integrity: sha1-SZUuEETbIdv5D2zZK8nJp3fUFaY=, tarball: https://r.cnpmjs.org/mri/download/mri-1.1.6.tgz}
    engines: {node: '>=4'}
    dev: true

  /ms/2.1.2:
    resolution: {integrity: sha1-0J0fNXtEP0kzgqjrPM0YOHKuYAk=, tarball: https://r.cnpmjs.org/ms/download/ms-2.1.2.tgz}
    dev: true

  /nanoid/3.1.23:
    resolution: {integrity: sha1-90QIbOfCvEfuCoRyV01ceOQYOoE=, tarball: https://r.cnpmjs.org/nanoid/download/nanoid-3.1.23.tgz}
    engines: {node: ^10 || ^12 || ^13.7 || ^14 || >=15.0.1}
    hasBin: true
    dev: true

  /natural-compare/1.4.0:
    resolution: {integrity: sha1-Sr6/7tdUHywnrPspvbvRXI1bpPc=, tarball: https://r.cnpmjs.org/natural-compare/download/natural-compare-1.4.0.tgz}
    dev: true

  /object-assign/4.1.1:
    resolution: {integrity: sha1-IQmtx5ZYh8/AXLvUQsrIv7s2CGM=, tarball: https://r.cnpmjs.org/object-assign/download/object-assign-4.1.1.tgz}
    engines: {node: '>=0.10.0'}
    dev: true

  /once/1.4.0:
    resolution: {integrity: sha1-WDsap3WWHUsROsF9nFC6753Xa9E=, tarball: https://r.cnpmjs.org/once/download/once-1.4.0.tgz}
    dependencies:
      wrappy: 1.0.2
    dev: true

  /optimism/0.16.1:
    resolution: {integrity: sha1-fI78HzF58YMHuIfhjBXFtxM/bn0=, tarball: https://r.cnpmjs.org/optimism/download/optimism-0.16.1.tgz}
    dependencies:
      '@wry/context': 0.6.0
      '@wry/trie': 0.3.0
    dev: true

  /optionator/0.9.1:
    resolution: {integrity: sha1-TyNqY3Pa4FZqbUPhMmZ09QwpFJk=, tarball: https://r.cnpmjs.org/optionator/download/optionator-0.9.1.tgz}
    engines: {node: '>= 0.8.0'}
    dependencies:
      deep-is: 0.1.3
      fast-levenshtein: 2.0.6
      levn: 0.4.1
      prelude-ls: 1.2.1
      type-check: 0.4.0
      word-wrap: 1.2.3
    dev: true

  /parent-module/1.0.1:
    resolution: {integrity: sha1-aR0nCeeMefrjoVZiJFLQB2LKqqI=, tarball: https://r.cnpmjs.org/parent-module/download/parent-module-1.0.1.tgz}
    engines: {node: '>=6'}
    dependencies:
      callsites: 3.1.0
    dev: true

  /path-is-absolute/1.0.1:
    resolution: {integrity: sha1-F0uSaHNVNP+8es5r9TpanhtcX18=, tarball: https://r.cnpmjs.org/path-is-absolute/download/path-is-absolute-1.0.1.tgz}
    engines: {node: '>=0.10.0'}
    dev: true

  /path-key/3.1.1:
    resolution: {integrity: sha1-WB9q3mWMu6ZaDTOA3ndTKVBU83U=, tarball: https://r.cnpmjs.org/path-key/download/path-key-3.1.1.tgz}
    engines: {node: '>=8'}
    dev: true

  /path-parse/1.0.7:
    resolution: {integrity: sha1-+8EUtgykKzDZ2vWFjkvWi77bZzU=, tarball: https://r.cnpmjs.org/path-parse/download/path-parse-1.0.7.tgz}
    dev: true

  /picomatch/2.3.0:
    resolution: {integrity: sha1-8fBh3o9qS/AiiS4tEoI0+5gwKXI=, tarball: https://r.cnpmjs.org/picomatch/download/picomatch-2.3.0.tgz}
    engines: {node: '>=8.6'}
    dev: true

  /postcss/8.3.6:
    resolution: {integrity: sha1-JzDddql5afN/U7mmCWGXvjEcxOo=, tarball: https://r.cnpmjs.org/postcss/download/postcss-8.3.6.tgz}
    engines: {node: ^10 || ^12 || >=14}
    dependencies:
      colorette: 1.2.2
      nanoid: 3.1.23
      source-map-js: 0.6.2
    dev: true

  /prelude-ls/1.2.1:
    resolution: {integrity: sha1-3rxkidem5rDnYRiIzsiAM30xY5Y=, tarball: https://r.cnpmjs.org/prelude-ls/download/prelude-ls-1.2.1.tgz}
    engines: {node: '>= 0.8.0'}
    dev: true

  /prettier-plugin-svelte/2.3.1_prettier@2.3.2+svelte@3.40.2:
    resolution: {integrity: sha1-kmGEpJBUlojb6gqNYcGxriAhg2g=, tarball: https://r.cnpmjs.org/prettier-plugin-svelte/download/prettier-plugin-svelte-2.3.1.tgz}
    peerDependencies:
      prettier: ^1.16.4 || ^2.0.0
      svelte: ^3.2.0
    dependencies:
      prettier: 2.3.2
      svelte: 3.40.2
    dev: true

  /prettier/2.3.2:
    resolution: {integrity: sha1-7ygKBewlNxLkhiM9tcbyNEHnNC0=, tarball: https://r.cnpmjs.org/prettier/download/prettier-2.3.2.tgz}
    engines: {node: '>=10.13.0'}
    hasBin: true
    dev: true

  /progress/2.0.3:
    resolution: {integrity: sha1-foz42PW48jnBvGi+tOt4Vn1XLvg=, tarball: https://r.cnpmjs.org/progress/download/progress-2.0.3.tgz}
    engines: {node: '>=0.4.0'}
    dev: true

  /prop-types/15.7.2:
    resolution: {integrity: sha1-UsQedbjIfnK52TYOAga5ncv/psU=, tarball: https://r.cnpmjs.org/prop-types/download/prop-types-15.7.2.tgz}
    dependencies:
      loose-envify: 1.4.0
      object-assign: 4.1.1
      react-is: 16.13.1
    dev: true

  /punycode/2.1.1:
    resolution: {integrity: sha1-tYsBCsQMIsVldhbI0sLALHv0eew=, tarball: https://r.cnpmjs.org/punycode/download/punycode-2.1.1.tgz}
    engines: {node: '>=6'}
    dev: true

  /react-is/16.13.1:
    resolution: {integrity: sha1-eJcppNw23imZ3BVt1sHZwYzqVqQ=, tarball: https://r.cnpmjs.org/react-is/download/react-is-16.13.1.tgz}
    dev: true

  /regexpp/3.2.0:
    resolution: {integrity: sha1-BCWido2PI7rXDKS5BGH6LxIT4bI=, tarball: https://r.cnpmjs.org/regexpp/download/regexpp-3.2.0.tgz}
    engines: {node: '>=8'}
    dev: true

  /require-from-string/2.0.2:
    resolution: {integrity: sha1-iaf92TgmEmcxjq/hT5wy5ZjDaQk=, tarball: https://r.cnpmjs.org/require-from-string/download/require-from-string-2.0.2.tgz}
    engines: {node: '>=0.10.0'}
    dev: true

  /require-relative/0.8.7:
    resolution: {integrity: sha1-eZlTn8ngR6N5KPoZb44VY9q9Nt4=, tarball: https://r.cnpmjs.org/require-relative/download/require-relative-0.8.7.tgz}
    dev: true

  /resolve-from/4.0.0:
    resolution: {integrity: sha1-SrzYUq0y3Xuqv+m0DgCjbbXzkuY=, tarball: https://r.cnpmjs.org/resolve-from/download/resolve-from-4.0.0.tgz}
    engines: {node: '>=4'}
    dev: true

  /resolve/1.20.0:
    resolution: {integrity: sha1-YpoBP7P3B1XW8LeTXMHCxTeLGXU=, tarball: https://r.cnpmjs.org/resolve/download/resolve-1.20.0.tgz}
    dependencies:
      is-core-module: 2.5.0
      path-parse: 1.0.7
    dev: true

  /rimraf/3.0.2:
    resolution: {integrity: sha1-8aVAK6YiCtUswSgrrBrjqkn9Bho=, tarball: https://r.cnpmjs.org/rimraf/download/rimraf-3.0.2.tgz}
    hasBin: true
    dependencies:
      glob: 7.1.7
    dev: true

  /rollup/2.54.0:
    resolution: {integrity: sha1-meqBbo6bHGrzq5V6TnqPeNvYd3M=, tarball: https://r.cnpmjs.org/rollup/download/rollup-2.54.0.tgz}
    engines: {node: '>=10.0.0'}
    hasBin: true
    optionalDependencies:
      fsevents: 2.3.2
    dev: true

  /sade/1.7.4:
    resolution: {integrity: sha1-6mgeDGXSSNIJXJBXjAPKC7G1RpE=, tarball: https://r.cnpmjs.org/sade/download/sade-1.7.4.tgz}
    engines: {node: '>= 6'}
    dependencies:
      mri: 1.1.6
    dev: true

  /semver/7.3.5:
    resolution: {integrity: sha1-C2Ich5NI2JmOSw5L6Us/EuYBjvc=, tarball: https://r.cnpmjs.org/semver/download/semver-7.3.5.tgz}
    engines: {node: '>=10'}
    hasBin: true
    dependencies:
      lru-cache: 6.0.0
    dev: true

  /shebang-command/2.0.0:
    resolution: {integrity: sha1-zNCvT4g1+9wmW4JGGq8MNmY/NOo=, tarball: https://r.cnpmjs.org/shebang-command/download/shebang-command-2.0.0.tgz}
    engines: {node: '>=8'}
    dependencies:
      shebang-regex: 3.0.0
    dev: true

  /shebang-regex/3.0.0:
    resolution: {integrity: sha1-rhbxZE2HPsrYQ7AwexQzYtTEIXI=, tarball: https://r.cnpmjs.org/shebang-regex/download/shebang-regex-3.0.0.tgz}
    engines: {node: '>=8'}
    dev: true

  /slice-ansi/4.0.0:
    resolution: {integrity: sha1-UA6N0P1VsFgVCGJVsxla3ypF/ms=, tarball: https://r.cnpmjs.org/slice-ansi/download/slice-ansi-4.0.0.tgz}
    engines: {node: '>=10'}
    dependencies:
      ansi-styles: 4.3.0
      astral-regex: 2.0.0
      is-fullwidth-code-point: 3.0.0
    dev: true

  /source-map-js/0.6.2:
    resolution: {integrity: sha1-C7XeYxtBz72mz7qL0FqA79/SOF4=, tarball: https://r.cnpmjs.org/source-map-js/download/source-map-js-0.6.2.tgz}
    engines: {node: '>=0.10.0'}
    dev: true

  /sourcemap-codec/1.4.8:
    resolution: {integrity: sha1-6oBL2UhXQC5pktBaOO8a41qatMQ=, tarball: https://r.cnpmjs.org/sourcemap-codec/download/sourcemap-codec-1.4.8.tgz}
    dev: true

  /sprintf-js/1.0.3:
    resolution: {integrity: sha1-BOaSb2YolTVPPdAVIDYzuFcpfiw=, tarball: https://r.cnpmjs.org/sprintf-js/download/sprintf-js-1.0.3.tgz}
    dev: true

  /string-width/4.2.2:
    resolution: {integrity: sha1-2v1PlVmnWFz7pSnGoKT3NIjr1MU=, tarball: https://r.cnpmjs.org/string-width/download/string-width-4.2.2.tgz}
    engines: {node: '>=8'}
    dependencies:
      emoji-regex: 8.0.0
      is-fullwidth-code-point: 3.0.0
      strip-ansi: 6.0.0
    dev: true

  /strip-ansi/6.0.0:
    resolution: {integrity: sha1-CxVx3XZpzNTz4G4U7x7tJiJa5TI=, tarball: https://r.cnpmjs.org/strip-ansi/download/strip-ansi-6.0.0.tgz}
    engines: {node: '>=8'}
    dependencies:
      ansi-regex: 5.0.0
    dev: true

  /strip-json-comments/3.1.1:
    resolution: {integrity: sha1-MfEoGzgyYwQ0gxwxDAHMzajL4AY=, tarball: https://r.cnpmjs.org/strip-json-comments/download/strip-json-comments-3.1.1.tgz}
    engines: {node: '>=8'}
    dev: true

  /supports-color/5.5.0:
    resolution: {integrity: sha1-4uaaRKyHcveKHsCzW2id9lMO/I8=, tarball: https://r.cnpmjs.org/supports-color/download/supports-color-5.5.0.tgz}
    engines: {node: '>=4'}
    dependencies:
      has-flag: 3.0.0
    dev: true

  /supports-color/7.2.0:
    resolution: {integrity: sha1-G33NyzK4E4gBs+R4umpRyqiWSNo=, tarball: https://r.cnpmjs.org/supports-color/download/supports-color-7.2.0.tgz}
    engines: {node: '>=8'}
    dependencies:
      has-flag: 4.0.0
    dev: true

  /svelte-hmr/0.14.7_svelte@3.40.2:
    resolution: {integrity: sha1-f6gmHHsiXZQJ8KhvO56lw8pvZgc=, tarball: https://r.cnpmjs.org/svelte-hmr/download/svelte-hmr-0.14.7.tgz}
    peerDependencies:
      svelte: '>=3.19.0'
    dependencies:
      svelte: 3.40.2
    dev: true

  /svelte/3.40.2:
    resolution: {integrity: sha1-k6tW6bpF7YZHoZ69wkKjGTmuATQ=, tarball: https://r.cnpmjs.org/svelte/download/svelte-3.40.2.tgz}
    engines: {node: '>= 8'}
    dev: true

  /symbol-observable/4.0.0:
    resolution: {integrity: sha1-W0JfGSJ56H8vm5N6yFQNGYSzkgU=, tarball: https://r.cnpmjs.org/symbol-observable/download/symbol-observable-4.0.0.tgz}
    engines: {node: '>=0.10'}
    dev: true

  /table/6.7.1:
    resolution: {integrity: sha1-7gVZK3FDgxqMlPPO5qrkwczvM+I=, tarball: https://r.cnpmjs.org/table/download/table-6.7.1.tgz}
    engines: {node: '>=10.0.0'}
    dependencies:
      ajv: 8.6.2
      lodash.clonedeep: 4.5.0
      lodash.truncate: 4.4.2
      slice-ansi: 4.0.0
      string-width: 4.2.2
      strip-ansi: 6.0.0
    dev: true

  /text-table/0.2.0:
    resolution: {integrity: sha1-f17oI66AUgfACvLfSoTsP8+lcLQ=, tarball: https://r.cnpmjs.org/text-table/download/text-table-0.2.0.tgz}
    dev: true

  /ts-invariant/0.8.2:
    resolution: {integrity: sha1-Yq9lTr+4se61W8mtwvQMa5Ow/34=, tarball: https://r.cnpmjs.org/ts-invariant/download/ts-invariant-0.8.2.tgz}
    engines: {node: '>=8'}
    dependencies:
      tslib: 2.3.0
    dev: true

  /tslib/1.14.1:
    resolution: {integrity: sha1-zy04vcNKE0vK8QkcQfZhni9nLQA=, tarball: https://r.cnpmjs.org/tslib/download/tslib-1.14.1.tgz}
    dev: true

  /tslib/2.3.0:
    resolution: {integrity: sha1-gDuM2rPhK6WBpMpByIObuw2ssJ4=, tarball: https://r.cnpmjs.org/tslib/download/tslib-2.3.0.tgz}
    dev: true

  /type-check/0.4.0:
    resolution: {integrity: sha1-B7ggO/pwVsBlcFDjzNLDdzC6uPE=, tarball: https://r.cnpmjs.org/type-check/download/type-check-0.4.0.tgz}
    engines: {node: '>= 0.8.0'}
    dependencies:
      prelude-ls: 1.2.1
    dev: true

  /type-fest/0.20.2:
    resolution: {integrity: sha1-G/IH9LKPkVg2ZstfvTJ4hzAc1fQ=, tarball: https://r.cnpmjs.org/type-fest/download/type-fest-0.20.2.tgz}
    engines: {node: '>=10'}
    dev: true

  /uri-js/4.4.1:
    resolution: {integrity: sha1-mxpSWVIlhZ5V9mnZKPiMbFfyp34=, tarball: https://r.cnpmjs.org/uri-js/download/uri-js-4.4.1.tgz}
    dependencies:
      punycode: 2.1.1
    dev: true

  /v8-compile-cache/2.3.0:
    resolution: {integrity: sha1-LeGWGMZtwkfc+2+ZM4A12CRaLO4=, tarball: https://r.cnpmjs.org/v8-compile-cache/download/v8-compile-cache-2.3.0.tgz}
    dev: true

  /vite/2.4.3:
    resolution: {integrity: sha1-/kqnjp3X02vLEuzL1SMTsmz633c=, tarball: https://r.cnpmjs.org/vite/download/vite-2.4.3.tgz}
    engines: {node: '>=12.0.0'}
    hasBin: true
    dependencies:
      esbuild: 0.12.15
      postcss: 8.3.6
      resolve: 1.20.0
      rollup: 2.54.0
    optionalDependencies:
      fsevents: 2.3.2
    dev: true

  /which/2.0.2:
    resolution: {integrity: sha1-fGqN0KY2oDJ+ELWckobu6T8/UbE=, tarball: https://r.cnpmjs.org/which/download/which-2.0.2.tgz}
    engines: {node: '>= 8'}
    hasBin: true
    dependencies:
      isexe: 2.0.0
    dev: true

  /word-wrap/1.2.3:
    resolution: {integrity: sha1-YQY29rH3A4kb00dxzLF/uTtHB5w=, tarball: https://r.cnpmjs.org/word-wrap/download/word-wrap-1.2.3.tgz}
    engines: {node: '>=0.10.0'}
    dev: true

  /wrappy/1.0.2:
    resolution: {integrity: sha1-tSQ9jz7BqjXxNkYFvA0QNuMKtp8=, tarball: https://r.cnpmjs.org/wrappy/download/wrappy-1.0.2.tgz}
    dev: true

  /yallist/4.0.0:
    resolution: {integrity: sha1-m7knkNnA7/7GO+c1GeEaNQGaOnI=, tarball: https://r.cnpmjs.org/yallist/download/yallist-4.0.0.tgz}
    dev: true

  /zen-observable/0.8.15:
    resolution: {integrity: sha1-lkFcUS2OP/2SCv04iWBOMLnqrBU=, tarball: https://r.cnpmjs.org/zen-observable/download/zen-observable-0.8.15.tgz}
    dev: true
